
Microsoft Visual Studio Solution File, Format Version 12.00
# Visual Studio Version 16
VisualStudioVersion = 16.0.31025.194
MinimumVisualStudioVersion = 10.0.40219.1
Project("{FAE04EC0-301F-11D3-BF4B-00C04F79EFBC}") = "ImprovedSkills", "ImprovedSkills.csproj", "{287110AB-A2FE-4DB1-A791-7C1A2BA94A3B}"
EndProject
Global
	GlobalSection(SolutionConfigurationPlatforms) = preSolution
		Debug|Any CPU = Debug|Any CPU
		Release|Any CPU = Release|Any CPU
	EndGlobalSection
	GlobalSection(ProjectConfigurationPlatforms) = postSolution
		{287110AB-A2FE-4DB1-A791-7C1A2BA94A3B}.Debug|Any CPU.ActiveCfg = Debug|Any CPU
		{287110AB-A2FE-4DB1-A791-7C1A2BA94A3B}.Debug|Any CPU.Build.0 = Debug|Any CPU
		{287110AB-A2FE-4DB1-A791-7C1A2BA94A3B}.Release|Any CPU.ActiveCfg = Release|Any CPU
		{287110AB-A2FE-4DB1-A791-7C1A2BA94A3B}.Release|Any CPU.Build.0 = Release|Any CPU
	EndGlobalSection
	GlobalSection(SolutionProperties) = preSolution
		HideSolutionNode = FALSE
	EndGlobalSection
	GlobalSection(ExtensibilityGlobals) = postSolution
		SolutionGuid = {2C577A76-CFC0-463F-8127-23FEE999F1F8}
	EndGlobalSection
EndGlobal
